
Microsoft Visual Studio Solution File, Format Version 9.00
# Visual Studio 2005
Project("{FAE04EC0-301F-11D3-BF4B-00C04F79EFBC}") = "WAXLibrary", "WAX\WAXLibrary.csproj", "{84F52FE2-52C3-47E3-8122-34C14D4596D5}"
EndProject
Project("{FAE04EC0-301F-11D3-BF4B-00C04F79EFBC}") = "WaxTest", "WaxTest\WaxTest.csproj", "{D04F00AB-FF8B-4190-920E-03A9A970E128}"
EndProject
Global
	GlobalSection(SolutionConfigurationPlatforms) = preSolution
		Debug|Any CPU = Debug|Any CPU
		Release|Any CPU = Release|Any CPU
	EndGlobalSection
	GlobalSection(ProjectConfigurationPlatforms) = postSolution
		{84F52FE2-52C3-47E3-8122-34C14D4596D5}.Debug|Any CPU.ActiveCfg = Debug|Any CPU
		{84F52FE2-52C3-47E3-8122-34C14D4596D5}.Debug|Any CPU.Build.0 = Debug|Any CPU
		{84F52FE2-52C3-47E3-8122-34C14D4596D5}.Release|Any CPU.ActiveCfg = Release|Any CPU
		{84F52FE2-52C3-47E3-8122-34C14D4596D5}.Release|Any CPU.Build.0 = Release|Any CPU
		{D04F00AB-FF8B-4190-920E-03A9A970E128}.Debug|Any CPU.ActiveCfg = Debug|Any CPU
		{D04F00AB-FF8B-4190-920E-03A9A970E128}.Debug|Any CPU.Build.0 = Debug|Any CPU
		{D04F00AB-FF8B-4190-920E-03A9A970E128}.Release|Any CPU.ActiveCfg = Release|Any CPU
		{D04F00AB-FF8B-4190-920E-03A9A970E128}.Release|Any CPU.Build.0 = Release|Any CPU
	EndGlobalSection
	GlobalSection(SolutionProperties) = preSolution
		HideSolutionNode = FALSE
	EndGlobalSection
EndGlobal
